
Microsoft Visual Studio Solution File, Format Version 12.00
Project("{FAE04EC0-301F-11D3-BF4B-00C04F79EFBC}") = "FetchTheWeather.Backend.Service.Weather", "FetchTheWeather.Backend.Service.Weather\FetchTheWeather.Backend.Service.Weather.csproj", "{44025882-5957-4A5D-81CD-9AA6D0E54111}"
EndProject
Project("{FAE04EC0-301F-11D3-BF4B-00C04F79EFBC}") = "FetchTheWeather.Backend.Service.Logging", "FetchTheWeather.Backend.Service.Logging\FetchTheWeather.Backend.Service.Logging.csproj", "{1D92CF81-0853-42EB-888C-27875DF34DA1}"
EndProject
Project("{FAE04EC0-301F-11D3-BF4B-00C04F79EFBC}") = "FetchTheWeather.Backend.Service.Gateway", "FetchTheWeather.Backend.Service.Gateway\FetchTheWeather.Backend.Service.Gateway.csproj", "{BC2BBC93-0A52-4C70-916D-1CB5AEE497B2}"
EndProject
Project("{FAE04EC0-301F-11D3-BF4B-00C04F79EFBC}") = "FetchTheWeather.Backend.Common", "FetchTheWeather.Backend.Common\FetchTheWeather.Backend.Common.csproj", "{8257A629-E9CF-4ECD-BC0D-68DB1F2BF25A}"
EndProject
Project("{2150E333-8FDC-42A3-9474-1A3956D46DE8}") = "Services", "Services", "{AA6BCCF5-C325-4153-8D2D-865F51096A94}"
EndProject
Project("{FAE04EC0-301F-11D3-BF4B-00C04F79EFBC}") = "FetchTheWeather.Backend.Identity", "FetchTheWeather.Backend.Identity\FetchTheWeather.Backend.Identity.csproj", "{9876F350-9A41-4E3E-88D4-16BD5ABEEB52}"
EndProject
Project("{FAE04EC0-301F-11D3-BF4B-00C04F79EFBC}") = "FetchTheWeather.Backend.Service.Auth", "FetchTheWeather.Backend.Service.Auth\FetchTheWeather.Backend.Service.Auth.csproj", "{64EA781A-8F1F-4227-851A-CEDDC07180D6}"
EndProject
Global
	GlobalSection(SolutionConfigurationPlatforms) = preSolution
		Debug|Any CPU = Debug|Any CPU
		Release|Any CPU = Release|Any CPU
	EndGlobalSection
	GlobalSection(ProjectConfigurationPlatforms) = postSolution
		{44025882-5957-4A5D-81CD-9AA6D0E54111}.Debug|Any CPU.ActiveCfg = Debug|Any CPU
		{44025882-5957-4A5D-81CD-9AA6D0E54111}.Debug|Any CPU.Build.0 = Debug|Any CPU
		{44025882-5957-4A5D-81CD-9AA6D0E54111}.Release|Any CPU.ActiveCfg = Release|Any CPU
		{44025882-5957-4A5D-81CD-9AA6D0E54111}.Release|Any CPU.Build.0 = Release|Any CPU
		{1D92CF81-0853-42EB-888C-27875DF34DA1}.Debug|Any CPU.ActiveCfg = Debug|Any CPU
		{1D92CF81-0853-42EB-888C-27875DF34DA1}.Debug|Any CPU.Build.0 = Debug|Any CPU
		{1D92CF81-0853-42EB-888C-27875DF34DA1}.Release|Any CPU.ActiveCfg = Release|Any CPU
		{1D92CF81-0853-42EB-888C-27875DF34DA1}.Release|Any CPU.Build.0 = Release|Any CPU
		{BC2BBC93-0A52-4C70-916D-1CB5AEE497B2}.Debug|Any CPU.ActiveCfg = Debug|Any CPU
		{BC2BBC93-0A52-4C70-916D-1CB5AEE497B2}.Debug|Any CPU.Build.0 = Debug|Any CPU
		{BC2BBC93-0A52-4C70-916D-1CB5AEE497B2}.Release|Any CPU.ActiveCfg = Release|Any CPU
		{BC2BBC93-0A52-4C70-916D-1CB5AEE497B2}.Release|Any CPU.Build.0 = Release|Any CPU
		{8257A629-E9CF-4ECD-BC0D-68DB1F2BF25A}.Debug|Any CPU.ActiveCfg = Debug|Any CPU
		{8257A629-E9CF-4ECD-BC0D-68DB1F2BF25A}.Debug|Any CPU.Build.0 = Debug|Any CPU
		{8257A629-E9CF-4ECD-BC0D-68DB1F2BF25A}.Release|Any CPU.ActiveCfg = Release|Any CPU
		{8257A629-E9CF-4ECD-BC0D-68DB1F2BF25A}.Release|Any CPU.Build.0 = Release|Any CPU
		{9876F350-9A41-4E3E-88D4-16BD5ABEEB52}.Debug|Any CPU.ActiveCfg = Debug|Any CPU
		{9876F350-9A41-4E3E-88D4-16BD5ABEEB52}.Debug|Any CPU.Build.0 = Debug|Any CPU
		{9876F350-9A41-4E3E-88D4-16BD5ABEEB52}.Release|Any CPU.ActiveCfg = Release|Any CPU
		{9876F350-9A41-4E3E-88D4-16BD5ABEEB52}.Release|Any CPU.Build.0 = Release|Any CPU
		{64EA781A-8F1F-4227-851A-CEDDC07180D6}.Debug|Any CPU.ActiveCfg = Debug|Any CPU
		{64EA781A-8F1F-4227-851A-CEDDC07180D6}.Debug|Any CPU.Build.0 = Debug|Any CPU
		{64EA781A-8F1F-4227-851A-CEDDC07180D6}.Release|Any CPU.ActiveCfg = Release|Any CPU
		{64EA781A-8F1F-4227-851A-CEDDC07180D6}.Release|Any CPU.Build.0 = Release|Any CPU
	EndGlobalSection
	GlobalSection(NestedProjects) = preSolution
		{BC2BBC93-0A52-4C70-916D-1CB5AEE497B2} = {AA6BCCF5-C325-4153-8D2D-865F51096A94}
		{1D92CF81-0853-42EB-888C-27875DF34DA1} = {AA6BCCF5-C325-4153-8D2D-865F51096A94}
		{44025882-5957-4A5D-81CD-9AA6D0E54111} = {AA6BCCF5-C325-4153-8D2D-865F51096A94}
		{64EA781A-8F1F-4227-851A-CEDDC07180D6} = {AA6BCCF5-C325-4153-8D2D-865F51096A94}
	EndGlobalSection
EndGlobal
